{
  "nodes": {
    "nixpkgs": {
      "locked": {
        "lastModified": 1737469691,
        "narHash": "sha256-nmKOgAU48S41dTPIXAq0AHZSehWUn6ZPrUKijHAMmIk=",
        "owner": "nixos",
        "repo": "nixpkgs",
        "rev": "9e4d5190a9482a1fb9d18adf0bdb83c6e506eaab",
        "type": "github"
      },
      "original": {
        "owner": "nixos",
        "ref": "nixos-unstable",
        "repo": "nixpkgs",
        "type": "github"
      }
    },
    "root": {
      "inputs": {
        "nixpkgs": "nixpkgs",
        "ruby-nix": "ruby-nix"
      }
    },
    "ruby-nix": {
      "inputs": {
        "nixpkgs": [
          "nixpkgs"
        ]
      },
      "locked": {
        "lastModified": 1725677741,
        "narHash": "sha256-CySXGzqycagfrWdcTwzM3Zo1MMm9uUtePYER9BvrW8s=",
        "owner": "inscapist",
        "repo": "ruby-nix",
        "rev": "1f3756f8a713171bf891b39c0d3b1fe6d83a4a63",
        "type": "github"
      },
      "original": {
        "owner": "inscapist",
        "repo": "ruby-nix",
        "type": "github"
      }
    }
  },
  "root": "root",
  "version": 7
}
